# This file was autogenerated by Stack.
# You should not edit this file by hand.
# For more information, please see the documentation at:
#   https://docs.haskellstack.org/en/stable/lock_files

packages:
- completed:
    size: 195385
    url: https://github.com/jaor/xmobar/archive/master.tar.gz
    name: xmobar
    version: '0.37'
    sha256: 62143a67bcc880aab29d7cba4966c5517a622851fd8882e288fc0bba251b43da
    pantry-tree:
      size: 7425
      sha256: 7506e779205012efa2838e8de2f1ebaeb9429eee99ddbfc9341610b3055d9875
  original:
    url: https://github.com/jaor/xmobar/archive/master.tar.gz
- completed:
    hackage: netlink-1.1.1.0@sha256:d83424b5ba9921191449e4b1f53c7cba7f4375f2c55a9b737c77e982e1f40d00,3689
    pantry-tree:
      size: 1598
      sha256: 42a57a2db0d8b44e04a04905ed56994b7293d2f244595bf3e65480c36d114ac3
  original:
    hackage: netlink-1.1.1.0@sha256:d83424b5ba9921191449e4b1f53c7cba7f4375f2c55a9b737c77e982e1f40d00,3689
snapshots:
- completed:
    size: 565720
    url: https://raw.githubusercontent.com/commercialhaskell/stackage-snapshots/master/lts/17/8.yaml
    sha256: 76bf8992ff8dfe6eda9c02f81866138c2369344d5011ab39ae403457c4448b03
  original: lts-17.8
