# This file was autogenerated by Stack.
# You should not edit this file by hand.
# For more information, please see the documentation at:
#   https://docs.haskellstack.org/en/stable/lock_files

packages:
- completed:
    size: 72803
    url: https://github.com/xmonad/xmonad/archive/master.tar.gz
    name: xmonad
    version: '0.15'
    sha256: 41e935a66e41b5d8ad35409b5293aed2d20a787df75abbe1a94bad056cdc9d8c
    pantry-tree:
      size: 2994
      sha256: 8aca864cddc4b75fba1e9e8d76ebb2158bbf075a9b9132719c77dc63c9e69316
  original:
    url: https://github.com/xmonad/xmonad/archive/master.tar.gz
- completed:
    name: xmonad-contrib
    version: '0.16'
    git: /home/yecinem/xmonad-contrib/
    pantry-tree:
      size: 22057
      sha256: dd3d65c161b190fe9948df4fbf3f4f07f8a2298394b688493ad0ea4829bad4f0
    commit: ac920b7470eb45915c7b353fad66fe570c4cb2a6
  original:
    git: /home/yecinem/xmonad-contrib/
    commit: ac920b7470eb45915c7b353fad66fe570c4cb2a6
- completed:
    size: 160559
    url: https://github.com/xmonad/x11/archive/master.tar.gz
    name: X11
    version: 1.9.2
    sha256: 6ae7cae2916fca7b5b029dc44fe44a09ccb958eaacd1693444c9d9044a291356
    pantry-tree:
      size: 3621
      sha256: 52f4f3246aee0257cb3016d32300e3e8226e2f8e351f1df501847981e4819fb9
  original:
    url: https://github.com/xmonad/x11/archive/master.tar.gz
snapshots:
- completed:
    size: 565720
    url: https://raw.githubusercontent.com/commercialhaskell/stackage-snapshots/master/lts/17/8.yaml
    sha256: 76bf8992ff8dfe6eda9c02f81866138c2369344d5011ab39ae403457c4448b03
  original: lts-17.8
